// !$*UTF8*$!
{
	archiveVersion = 1;
	classes = {
	};
	objectVersion = 56;
	objects = {

/* Begin PBXBuildFile section */
		CE1065AC29AF2AC50090E972 /* HairRecipeApp.swift in Sources */ = {isa = PBXBuildFile; fileRef = CE1065AB29AF2AC50090E972 /* HairRecipeApp.swift */; };
		CE1065AE29AF2AC50090E972 /* ClientsView.swift in Sources */ = {isa = PBXBuildFile; fileRef = CE1065AD29AF2AC50090E972 /* ClientsView.swift */; };
		CE1065B029AF2AC90090E972 /* Assets.xcassets in Resources */ = {isa = PBXBuildFile; fileRef = CE1065AF29AF2AC90090E972 /* Assets.xcassets */; };
		CE1065B329AF2AC90090E972 /* Preview Assets.xcassets in Resources */ = {isa = PBXBuildFile; fileRef = CE1065B229AF2AC90090E972 /* Preview Assets.xcassets */; };
		CE54783629B1153E002AF634 /* ClientsDataModel.xcdatamodeld in Sources */ = {isa = PBXBuildFile; fileRef = CE54783429B1153E002AF634 /* ClientsDataModel.xcdatamodeld */; };
		CE54783829B116CF002AF634 /* Client.swift in Sources */ = {isa = PBXBuildFile; fileRef = CE54783729B116CF002AF634 /* Client.swift */; };
		CE54783E29B1C86D002AF634 /* ClientsProvider.swift in Sources */ = {isa = PBXBuildFile; fileRef = CE54783D29B1C86D002AF634 /* ClientsProvider.swift */; };
		CE54784029B1D1A8002AF634 /* ClientRowView.swift in Sources */ = {isa = PBXBuildFile; fileRef = CE54783F29B1D1A8002AF634 /* ClientRowView.swift */; };
		CE54784229B1D587002AF634 /* ClientDetailView.swift in Sources */ = {isa = PBXBuildFile; fileRef = CE54784129B1D587002AF634 /* ClientDetailView.swift */; };
		CE54784429B1DD13002AF634 /* CreateClientView.swift in Sources */ = {isa = PBXBuildFile; fileRef = CE54784329B1DD13002AF634 /* CreateClientView.swift */; };
		CE54784729B1EAAB002AF634 /* EditClientViewModel.swift in Sources */ = {isa = PBXBuildFile; fileRef = CE54784629B1EAAB002AF634 /* EditClientViewModel.swift */; };
		CE54784929B25356002AF634 /* ClearClientsView.swift in Sources */ = {isa = PBXBuildFile; fileRef = CE54784829B25356002AF634 /* ClearClientsView.swift */; };
		CE7C268D29D46EA700942D72 /* Localizable.strings in Resources */ = {isa = PBXBuildFile; fileRef = CE7C268F29D46EA700942D72 /* Localizable.strings */; };
		CE81497029C35B7400310D57 /* ColorsApp.swift in Sources */ = {isa = PBXBuildFile; fileRef = CE81496F29C35B7400310D57 /* ColorsApp.swift */; };
		CE8A2EEA29C23D9100FCFC0F /* FocusOnFields.swift in Sources */ = {isa = PBXBuildFile; fileRef = CE8A2EE929C23D9100FCFC0F /* FocusOnFields.swift */; };
		CEBDAA2C29C4EAF60036D6ED /* LaunchScreen.storyboard in Resources */ = {isa = PBXBuildFile; fileRef = CEBDAA2B29C4EAF60036D6ED /* LaunchScreen.storyboard */; };
		CEDDAF6E29C0F921001DF217 /* HapticManager.swift in Sources */ = {isa = PBXBuildFile; fileRef = CEDDAF6D29C0F921001DF217 /* HapticManager.swift */; };
/* End PBXBuildFile section */

/* Begin PBXFileReference section */
		CE1065A829AF2AC50090E972 /* HairRecipe.app */ = {isa = PBXFileReference; explicitFileType = wrapper.application; includeInIndex = 0; path = HairRecipe.app; sourceTree = BUILT_PRODUCTS_DIR; };
		CE1065AB29AF2AC50090E972 /* HairRecipeApp.swift */ = {isa = PBXFileReference; lastKnownFileType = sourcecode.swift; path = HairRecipeApp.swift; sourceTree = "<group>"; };
		CE1065AD29AF2AC50090E972 /* ClientsView.swift */ = {isa = PBXFileReference; lastKnownFileType = sourcecode.swift; path = ClientsView.swift; sourceTree = "<group>"; };
		CE1065AF29AF2AC90090E972 /* Assets.xcassets */ = {isa = PBXFileReference; lastKnownFileType = folder.assetcatalog; path = Assets.xcassets; sourceTree = "<group>"; };
		CE1065B229AF2AC90090E972 /* Preview Assets.xcassets */ = {isa = PBXFileReference; lastKnownFileType = folder.assetcatalog; path = "Preview Assets.xcassets"; sourceTree = "<group>"; };
		CE54783529B1153E002AF634 /* ClientsDataModel.xcdatamodel */ = {isa = PBXFileReference; lastKnownFileType = wrapper.xcdatamodel; path = ClientsDataModel.xcdatamodel; sourceTree = "<group>"; };
		CE54783729B116CF002AF634 /* Client.swift */ = {isa = PBXFileReference; lastKnownFileType = sourcecode.swift; path = Client.swift; sourceTree = "<group>"; };
		CE54783D29B1C86D002AF634 /* ClientsProvider.swift */ = {isa = PBXFileReference; lastKnownFileType = sourcecode.swift; path = ClientsProvider.swift; sourceTree = "<group>"; };
		CE54783F29B1D1A8002AF634 /* ClientRowView.swift */ = {isa = PBXFileReference; lastKnownFileType = sourcecode.swift; path = ClientRowView.swift; sourceTree = "<group>"; };
		CE54784129B1D587002AF634 /* ClientDetailView.swift */ = {isa = PBXFileReference; lastKnownFileType = sourcecode.swift; path = ClientDetailView.swift; sourceTree = "<group>"; };
		CE54784329B1DD13002AF634 /* CreateClientView.swift */ = {isa = PBXFileReference; lastKnownFileType = sourcecode.swift; path = CreateClientView.swift; sourceTree = "<group>"; };
		CE54784629B1EAAB002AF634 /* EditClientViewModel.swift */ = {isa = PBXFileReference; lastKnownFileType = sourcecode.swift; path = EditClientViewModel.swift; sourceTree = "<group>"; };
		CE54784829B25356002AF634 /* ClearClientsView.swift */ = {isa = PBXFileReference; lastKnownFileType = sourcecode.swift; path = ClearClientsView.swift; sourceTree = "<group>"; };
		CE7C268E29D46EA700942D72 /* ru */ = {isa = PBXFileReference; lastKnownFileType = text.plist.strings; name = ru; path = ru.lproj/Localizable.strings; sourceTree = "<group>"; };
		CE81496F29C35B7400310D57 /* ColorsApp.swift */ = {isa = PBXFileReference; lastKnownFileType = sourcecode.swift; path = ColorsApp.swift; sourceTree = "<group>"; };
		CE8A2EE929C23D9100FCFC0F /* FocusOnFields.swift */ = {isa = PBXFileReference; lastKnownFileType = sourcecode.swift; path = FocusOnFields.swift; sourceTree = "<group>"; };
		CEBDAA2B29C4EAF60036D6ED /* LaunchScreen.storyboard */ = {isa = PBXFileReference; lastKnownFileType = file.storyboard; path = LaunchScreen.storyboard; sourceTree = "<group>"; };
		CEDB6B2629C08830003AAF31 /* Info.plist */ = {isa = PBXFileReference; lastKnownFileType = text.plist.xml; path = Info.plist; sourceTree = "<group>"; };
		CEDDAF6D29C0F921001DF217 /* HapticManager.swift */ = {isa = PBXFileReference; lastKnownFileType = sourcecode.swift; path = HapticManager.swift; sourceTree = "<group>"; };
/* End PBXFileReference section */

/* Begin PBXFrameworksBuildPhase section */
		CE1065A529AF2AC50090E972 /* Frameworks */ = {
			isa = PBXFrameworksBuildPhase;
			buildActionMask = 2147483647;
			files = (
			);
			runOnlyForDeploymentPostprocessing = 0;
		};
/* End PBXFrameworksBuildPhase section */

/* Begin PBXGroup section */
		CE10659F29AF2AC40090E972 = {
			isa = PBXGroup;
			children = (
				CE1065AA29AF2AC50090E972 /* HairRecipe */,
				CE1065A929AF2AC50090E972 /* Products */,
			);
			sourceTree = "<group>";
		};
		CE1065A929AF2AC50090E972 /* Products */ = {
			isa = PBXGroup;
			children = (
				CE1065A829AF2AC50090E972 /* HairRecipe.app */,
			);
			name = Products;
			sourceTree = "<group>";
		};
		CE1065AA29AF2AC50090E972 /* HairRecipe */ = {
			isa = PBXGroup;
			children = (
				CE1065AB29AF2AC50090E972 /* HairRecipeApp.swift */,
				CE54783C29B1C828002AF634 /* CoreDataProvider */,
				CE54783929B116F7002AF634 /* Model */,
				CE54783A29B11710002AF634 /* Views */,
				CE54783B29B11738002AF634 /* Resources */,
				CE1065B129AF2AC90090E972 /* Preview Content */,
			);
			path = HairRecipe;
			sourceTree = "<group>";
		};
		CE1065B129AF2AC90090E972 /* Preview Content */ = {
			isa = PBXGroup;
			children = (
				CE1065B229AF2AC90090E972 /* Preview Assets.xcassets */,
			);
			path = "Preview Content";
			sourceTree = "<group>";
		};
		CE54783929B116F7002AF634 /* Model */ = {
			isa = PBXGroup;
			children = (
				CE54783729B116CF002AF634 /* Client.swift */,
				CE54783429B1153E002AF634 /* ClientsDataModel.xcdatamodeld */,
				CEDDAF6D29C0F921001DF217 /* HapticManager.swift */,
				CE8A2EE929C23D9100FCFC0F /* FocusOnFields.swift */,
				CE81496F29C35B7400310D57 /* ColorsApp.swift */,
			);
			path = Model;
			sourceTree = "<group>";
		};
		CE54783A29B11710002AF634 /* Views */ = {
			isa = PBXGroup;
			children = (
				CE1065AD29AF2AC50090E972 /* ClientsView.swift */,
				CE54784129B1D587002AF634 /* ClientDetailView.swift */,
				CE54783F29B1D1A8002AF634 /* ClientRowView.swift */,
				CE54784829B25356002AF634 /* ClearClientsView.swift */,
				CEBDAA2A29C4EADB0036D6ED /* LaunchScreen */,
				CE54784529B1EA2F002AF634 /* CreateClient */,
			);
			path = Views;
			sourceTree = "<group>";
		};
		CE54783B29B11738002AF634 /* Resources */ = {
			isa = PBXGroup;
			children = (
				CE7C268A29D468C100942D72 /* Localization */,
				CEDB6B2629C08830003AAF31 /* Info.plist */,
				CE1065AF29AF2AC90090E972 /* Assets.xcassets */,
			);
			path = Resources;
			sourceTree = "<group>";
		};
		CE54783C29B1C828002AF634 /* CoreDataProvider */ = {
			isa = PBXGroup;
			children = (
				CE54783D29B1C86D002AF634 /* ClientsProvider.swift */,
			);
			path = CoreDataProvider;
			sourceTree = "<group>";
		};
		CE54784529B1EA2F002AF634 /* CreateClient */ = {
			isa = PBXGroup;
			children = (
				CE54784329B1DD13002AF634 /* CreateClientView.swift */,
				CE54784629B1EAAB002AF634 /* EditClientViewModel.swift */,
			);
			path = CreateClient;
			sourceTree = "<group>";
		};
		CE7C268A29D468C100942D72 /* Localization */ = {
			isa = PBXGroup;
			children = (
				CE7C268F29D46EA700942D72 /* Localizable.strings */,
			);
			path = Localization;
			sourceTree = "<group>";
		};
		CEBDAA2A29C4EADB0036D6ED /* LaunchScreen */ = {
			isa = PBXGroup;
			children = (
				CEBDAA2B29C4EAF60036D6ED /* LaunchScreen.storyboard */,
			);
			path = LaunchScreen;
			sourceTree = "<group>";
		};
/* End PBXGroup section */

/* Begin PBXNativeTarget section */
		CE1065A729AF2AC50090E972 /* HairRecipe */ = {
			isa = PBXNativeTarget;
			buildConfigurationList = CE1065B629AF2AC90090E972 /* Build configuration list for PBXNativeTarget "HairRecipe" */;
			buildPhases = (
				CE1065A429AF2AC50090E972 /* Sources */,
				CE1065A529AF2AC50090E972 /* Frameworks */,
				CE1065A629AF2AC50090E972 /* Resources */,
			);
			buildRules = (
			);
			dependencies = (
			);
			name = HairRecipe;
			productName = HairRecipe;
			productReference = CE1065A829AF2AC50090E972 /* HairRecipe.app */;
			productType = "com.apple.product-type.application";
		};
/* End PBXNativeTarget section */

/* Begin PBXProject section */
		CE1065A029AF2AC40090E972 /* Project object */ = {
			isa = PBXProject;
			attributes = {
				BuildIndependentTargetsInParallel = 1;
				LastSwiftUpdateCheck = 1420;
				LastUpgradeCheck = 1420;
				TargetAttributes = {
					CE1065A729AF2AC50090E972 = {
						CreatedOnToolsVersion = 14.2;
					};
				};
			};
			buildConfigurationList = CE1065A329AF2AC40090E972 /* Build configuration list for PBXProject "HairRecipe" */;
			compatibilityVersion = "Xcode 14.0";
			developmentRegion = en;
			hasScannedForEncodings = 0;
			knownRegions = (
				en,
				Base,
				ru,
			);
			mainGroup = CE10659F29AF2AC40090E972;
			productRefGroup = CE1065A929AF2AC50090E972 /* Products */;
			projectDirPath = "";
			projectRoot = "";
			targets = (
				CE1065A729AF2AC50090E972 /* HairRecipe */,
			);
		};
/* End PBXProject section */

/* Begin PBXResourcesBuildPhase section */
		CE1065A629AF2AC50090E972 /* Resources */ = {
			isa = PBXResourcesBuildPhase;
			buildActionMask = 2147483647;
			files = (
				CEBDAA2C29C4EAF60036D6ED /* LaunchScreen.storyboard in Resources */,
				CE7C268D29D46EA700942D72 /* Localizable.strings in Resources */,
				CE1065B329AF2AC90090E972 /* Preview Assets.xcassets in Resources */,
				CE1065B029AF2AC90090E972 /* Assets.xcassets in Resources */,
			);
			runOnlyForDeploymentPostprocessing = 0;
		};
/* End PBXResourcesBuildPhase section */

/* Begin PBXSourcesBuildPhase section */
		CE1065A429AF2AC50090E972 /* Sources */ = {
			isa = PBXSourcesBuildPhase;
			buildActionMask = 2147483647;
			files = (
				CE54784229B1D587002AF634 /* ClientDetailView.swift in Sources */,
				CE54783629B1153E002AF634 /* ClientsDataModel.xcdatamodeld in Sources */,
				CE1065AE29AF2AC50090E972 /* ClientsView.swift in Sources */,
				CE54784029B1D1A8002AF634 /* ClientRowView.swift in Sources */,
				CE81497029C35B7400310D57 /* ColorsApp.swift in Sources */,
				CE54783E29B1C86D002AF634 /* ClientsProvider.swift in Sources */,
				CE54783829B116CF002AF634 /* Client.swift in Sources */,
				CE1065AC29AF2AC50090E972 /* HairRecipeApp.swift in Sources */,
				CE54784429B1DD13002AF634 /* CreateClientView.swift in Sources */,
				CEDDAF6E29C0F921001DF217 /* HapticManager.swift in Sources */,
				CE54784929B25356002AF634 /* ClearClientsView.swift in Sources */,
				CE8A2EEA29C23D9100FCFC0F /* FocusOnFields.swift in Sources */,
				CE54784729B1EAAB002AF634 /* EditClientViewModel.swift in Sources */,
			);
			runOnlyForDeploymentPostprocessing = 0;
		};
/* End PBXSourcesBuildPhase section */

/* Begin PBXVariantGroup section */
		CE7C268F29D46EA700942D72 /* Localizable.strings */ = {
			isa = PBXVariantGroup;
			children = (
				CE7C268E29D46EA700942D72 /* ru */,
			);
			name = Localizable.strings;
			sourceTree = "<group>";
		};
/* End PBXVariantGroup section */

/* Begin XCBuildConfiguration section */
		CE1065B429AF2AC90090E972 /* Debug */ = {
			isa = XCBuildConfiguration;
			buildSettings = {
				ALWAYS_SEARCH_USER_PATHS = NO;
				CLANG_ANALYZER_NONNULL = YES;
				CLANG_ANALYZER_NUMBER_OBJECT_CONVERSION = YES_AGGRESSIVE;
				CLANG_CXX_LANGUAGE_STANDARD = "gnu++20";
				CLANG_ENABLE_MODULES = YES;
				CLANG_ENABLE_OBJC_ARC = YES;
				CLANG_ENABLE_OBJC_WEAK = YES;
				CLANG_WARN_BLOCK_CAPTURE_AUTORELEASING = YES;
				CLANG_WARN_BOOL_CONVERSION = YES;
				CLANG_WARN_COMMA = YES;
				CLANG_WARN_CONSTANT_CONVERSION = YES;
				CLANG_WARN_DEPRECATED_OBJC_IMPLEMENTATIONS = YES;
				CLANG_WARN_DIRECT_OBJC_ISA_USAGE = YES_ERROR;
				CLANG_WARN_DOCUMENTATION_COMMENTS = YES;
				CLANG_WARN_EMPTY_BODY = YES;
				CLANG_WARN_ENUM_CONVERSION = YES;
				CLANG_WARN_INFINITE_RECURSION = YES;
				CLANG_WARN_INT_CONVERSION = YES;
				CLANG_WARN_NON_LITERAL_NULL_CONVERSION = YES;
				CLANG_WARN_OBJC_IMPLICIT_RETAIN_SELF = YES;
				CLANG_WARN_OBJC_LITERAL_CONVERSION = YES;
				CLANG_WARN_OBJC_ROOT_CLASS = YES_ERROR;
				CLANG_WARN_QUOTED_INCLUDE_IN_FRAMEWORK_HEADER = YES;
				CLANG_WARN_RANGE_LOOP_ANALYSIS = YES;
				CLANG_WARN_STRICT_PROTOTYPES = YES;
				CLANG_WARN_SUSPICIOUS_MOVE = YES;
				CLANG_WARN_UNGUARDED_AVAILABILITY = YES_AGGRESSIVE;
				CLANG_WARN_UNREACHABLE_CODE = YES;
				CLANG_WARN__DUPLICATE_METHOD_MATCH = YES;
				COPY_PHASE_STRIP = NO;
				DEBUG_INFORMATION_FORMAT = dwarf;
				ENABLE_STRICT_OBJC_MSGSEND = YES;
				ENABLE_TESTABILITY = YES;
				GCC_C_LANGUAGE_STANDARD = gnu11;
				GCC_DYNAMIC_NO_PIC = NO;
				GCC_NO_COMMON_BLOCKS = YES;
				GCC_OPTIMIZATION_LEVEL = 0;
				GCC_PREPROCESSOR_DEFINITIONS = (
					"DEBUG=1",
					"$(inherited)",
				);
				GCC_WARN_64_TO_32_BIT_CONVERSION = YES;
				GCC_WARN_ABOUT_RETURN_TYPE = YES_ERROR;
				GCC_WARN_UNDECLARED_SELECTOR = YES;
				GCC_WARN_UNINITIALIZED_AUTOS = YES_AGGRESSIVE;
				GCC_WARN_UNUSED_FUNCTION = YES;
				GCC_WARN_UNUSED_VARIABLE = YES;
				IPHONEOS_DEPLOYMENT_TARGET = 16.2;
				MTL_ENABLE_DEBUG_INFO = INCLUDE_SOURCE;
				MTL_FAST_MATH = YES;
				ONLY_ACTIVE_ARCH = YES;
				SDKROOT = iphoneos;
				SWIFT_ACTIVE_COMPILATION_CONDITIONS = DEBUG;
				SWIFT_OPTIMIZATION_LEVEL = "-Onone";
			};
			name = Debug;
		};
		CE1065B529AF2AC90090E972 /* Release */ = {
			isa = XCBuildConfiguration;
			buildSettings = {
				ALWAYS_SEARCH_USER_PATHS = NO;
				CLANG_ANALYZER_NONNULL = YES;
				CLANG_ANALYZER_NUMBER_OBJECT_CONVERSION = YES_AGGRESSIVE;
				CLANG_CXX_LANGUAGE_STANDARD = "gnu++20";
				CLANG_ENABLE_MODULES = YES;
				CLANG_ENABLE_OBJC_ARC = YES;
				CLANG_ENABLE_OBJC_WEAK = YES;
				CLANG_WARN_BLOCK_CAPTURE_AUTORELEASING = YES;
				CLANG_WARN_BOOL_CONVERSION = YES;
				CLANG_WARN_COMMA = YES;
				CLANG_WARN_CONSTANT_CONVERSION = YES;
				CLANG_WARN_DEPRECATED_OBJC_IMPLEMENTATIONS = YES;
				CLANG_WARN_DIRECT_OBJC_ISA_USAGE = YES_ERROR;
				CLANG_WARN_DOCUMENTATION_COMMENTS = YES;
				CLANG_WARN_EMPTY_BODY = YES;
				CLANG_WARN_ENUM_CONVERSION = YES;
				CLANG_WARN_INFINITE_RECURSION = YES;
				CLANG_WARN_INT_CONVERSION = YES;
				CLANG_WARN_NON_LITERAL_NULL_CONVERSION = YES;
				CLANG_WARN_OBJC_IMPLICIT_RETAIN_SELF = YES;
				CLANG_WARN_OBJC_LITERAL_CONVERSION = YES;
				CLANG_WARN_OBJC_ROOT_CLASS = YES_ERROR;
				CLANG_WARN_QUOTED_INCLUDE_IN_FRAMEWORK_HEADER = YES;
				CLANG_WARN_RANGE_LOOP_ANALYSIS = YES;
				CLANG_WARN_STRICT_PROTOTYPES = YES;
				CLANG_WARN_SUSPICIOUS_MOVE = YES;
				CLANG_WARN_UNGUARDED_AVAILABILITY = YES_AGGRESSIVE;
				CLANG_WARN_UNREACHABLE_CODE = YES;
				CLANG_WARN__DUPLICATE_METHOD_MATCH = YES;
				COPY_PHASE_STRIP = NO;
				DEBUG_INFORMATION_FORMAT = "dwarf-with-dsym";
				ENABLE_NS_ASSERTIONS = NO;
				ENABLE_STRICT_OBJC_MSGSEND = YES;
				GCC_C_LANGUAGE_STANDARD = gnu11;
				GCC_NO_COMMON_BLOCKS = YES;
				GCC_WARN_64_TO_32_BIT_CONVERSION = YES;
				GCC_WARN_ABOUT_RETURN_TYPE = YES_ERROR;
				GCC_WARN_UNDECLARED_SELECTOR = YES;
				GCC_WARN_UNINITIALIZED_AUTOS = YES_AGGRESSIVE;
				GCC_WARN_UNUSED_FUNCTION = YES;
				GCC_WARN_UNUSED_VARIABLE = YES;
				IPHONEOS_DEPLOYMENT_TARGET = 16.2;
				MTL_ENABLE_DEBUG_INFO = NO;
				MTL_FAST_MATH = YES;
				SDKROOT = iphoneos;
				SWIFT_COMPILATION_MODE = wholemodule;
				SWIFT_OPTIMIZATION_LEVEL = "-O";
				VALIDATE_PRODUCT = YES;
			};
			name = Release;
		};
		CE1065B729AF2AC90090E972 /* Debug */ = {
			isa = XCBuildConfiguration;
			buildSettings = {
				ASSETCATALOG_COMPILER_APPICON_NAME = AppIcon;
				ASSETCATALOG_COMPILER_GLOBAL_ACCENT_COLOR_NAME = AccentColor;
				CODE_SIGN_STYLE = Automatic;
				CURRENT_PROJECT_VERSION = 1;
				DEVELOPMENT_ASSET_PATHS = "\"HairRecipe/Preview Content\"";
				DEVELOPMENT_TEAM = 8C2J2DRGH6;
				ENABLE_PREVIEWS = YES;
				GENERATE_INFOPLIST_FILE = YES;
				INFOPLIST_FILE = HairRecipe/Resources/Info.plist;
				INFOPLIST_KEY_UIApplicationSupportsIndirectInputEvents = YES;
				INFOPLIST_KEY_UILaunchScreen_Generation = YES;
				INFOPLIST_KEY_UILaunchStoryboardName = LaunchScreen.storyboard;
				INFOPLIST_KEY_UISupportedInterfaceOrientations = UIInterfaceOrientationPortrait;
				INFOPLIST_KEY_UISupportedInterfaceOrientations_iPad = "UIInterfaceOrientationLandscapeLeft UIInterfaceOrientationLandscapeRight UIInterfaceOrientationPortrait UIInterfaceOrientationPortraitUpsideDown";
				LD_RUNPATH_SEARCH_PATHS = (
					"$(inherited)",
					"@executable_path/Frameworks",
				);
				MARKETING_VERSION = 1.0;
				PRODUCT_BUNDLE_IDENTIFIER = "Andrey-Piskunov.HairRecipe";
				PRODUCT_NAME = "$(TARGET_NAME)";
				SWIFT_EMIT_LOC_STRINGS = YES;
				SWIFT_VERSION = 5.0;
				TARGETED_DEVICE_FAMILY = "1,2";
			};
			name = Debug;
		};
		CE1065B829AF2AC90090E972 /* Release */ = {
			isa = XCBuildConfiguration;
			buildSettings = {
				ASSETCATALOG_COMPILER_APPICON_NAME = AppIcon;
				ASSETCATALOG_COMPILER_GLOBAL_ACCENT_COLOR_NAME = AccentColor;
				CODE_SIGN_STYLE = Automatic;
				CURRENT_PROJECT_VERSION = 1;
				DEVELOPMENT_ASSET_PATHS = "\"HairRecipe/Preview Content\"";
				DEVELOPMENT_TEAM = 8C2J2DRGH6;
				ENABLE_PREVIEWS = YES;
				GENERATE_INFOPLIST_FILE = YES;
				INFOPLIST_FILE = HairRecipe/Resources/Info.plist;
				INFOPLIST_KEY_UIApplicationSupportsIndirectInputEvents = YES;
				INFOPLIST_KEY_UILaunchScreen_Generation = YES;
				INFOPLIST_KEY_UILaunchStoryboardName = LaunchScreen.storyboard;
				INFOPLIST_KEY_UISupportedInterfaceOrientations = UIInterfaceOrientationPortrait;
				INFOPLIST_KEY_UISupportedInterfaceOrientations_iPad = "UIInterfaceOrientationLandscapeLeft UIInterfaceOrientationLandscapeRight UIInterfaceOrientationPortrait UIInterfaceOrientationPortraitUpsideDown";
				LD_RUNPATH_SEARCH_PATHS = (
					"$(inherited)",
					"@executable_path/Frameworks",
				);
				MARKETING_VERSION = 1.0;
				PRODUCT_BUNDLE_IDENTIFIER = "Andrey-Piskunov.HairRecipe";
				PRODUCT_NAME = "$(TARGET_NAME)";
				SWIFT_EMIT_LOC_STRINGS = YES;
				SWIFT_VERSION = 5.0;
				TARGETED_DEVICE_FAMILY = "1,2";
			};
			name = Release;
		};
/* End XCBuildConfiguration section */

/* Begin XCConfigurationList section */
		CE1065A329AF2AC40090E972 /* Build configuration list for PBXProject "HairRecipe" */ = {
			isa = XCConfigurationList;
			buildConfigurations = (
				CE1065B429AF2AC90090E972 /* Debug */,
				CE1065B529AF2AC90090E972 /* Release */,
			);
			defaultConfigurationIsVisible = 0;
			defaultConfigurationName = Release;
		};
		CE1065B629AF2AC90090E972 /* Build configuration list for PBXNativeTarget "HairRecipe" */ = {
			isa = XCConfigurationList;
			buildConfigurations = (
				CE1065B729AF2AC90090E972 /* Debug */,
				CE1065B829AF2AC90090E972 /* Release */,
			);
			defaultConfigurationIsVisible = 0;
			defaultConfigurationName = Release;
		};
/* End XCConfigurationList section */

/* Begin XCVersionGroup section */
		CE54783429B1153E002AF634 /* ClientsDataModel.xcdatamodeld */ = {
			isa = XCVersionGroup;
			children = (
				CE54783529B1153E002AF634 /* ClientsDataModel.xcdatamodel */,
			);
			currentVersion = CE54783529B1153E002AF634 /* ClientsDataModel.xcdatamodel */;
			path = ClientsDataModel.xcdatamodeld;
			sourceTree = "<group>";
			versionGroupType = wrapper.xcdatamodel;
		};
/* End XCVersionGroup section */
	};
	rootObject = CE1065A029AF2AC40090E972 /* Project object */;
}
